
Microsoft Visual Studio Solution File, Format Version 11.00
# Visual Studio 2010
Project("{159641D6-6404-4A2A-AE62-294DE0FE8301}") = "EnhanceDebugging", "EnhanceDebugging\EnhanceDebugging.dtproj", "{3F2A987B-AB87-451D-B562-3C4E82298673}"
EndProject
Global
	GlobalSection(SolutionConfigurationPlatforms) = preSolution
		Development|Default = Development|Default
	EndGlobalSection
	GlobalSection(ProjectConfigurationPlatforms) = postSolution
		{3F2A987B-AB87-451D-B562-3C4E82298673}.Development|Default.ActiveCfg = Development
		{3F2A987B-AB87-451D-B562-3C4E82298673}.Development|Default.Build.0 = Development
	EndGlobalSection
	GlobalSection(SolutionProperties) = preSolution
		HideSolutionNode = FALSE
	EndGlobalSection
EndGlobal
